{
  "nodes": {
    "fenix": {
      "inputs": {
        "nixpkgs": [
          "nixpkgs"
        ],
        "rust-analyzer-src": "rust-analyzer-src"
      },
      "locked": {
        "lastModified": 1679293469,
        "narHash": "sha256-h9XKC9QnuK09nK8aQB4OpXiqbZEzp75ZyQ2qsS1n7vk=",
        "owner": "nix-community",
        "repo": "fenix",
        "rev": "742691f1a9544179638527effcaa2c7fb4cf9b84",
        "type": "github"
      },
      "original": {
        "owner": "nix-community",
        "repo": "fenix",
        "type": "github"
      }
    },
    "flake-utils": {
      "locked": {
        "lastModified": 1678901627,
        "narHash": "sha256-U02riOqrKKzwjsxc/400XnElV+UtPUQWpANPlyazjH0=",
        "owner": "numtide",
        "repo": "flake-utils",
        "rev": "93a2b84fc4b70d9e089d029deacc3583435c2ed6",
        "type": "github"
      },
      "original": {
        "owner": "numtide",
        "repo": "flake-utils",
        "type": "github"
      }
    },
    "nixpkgs": {
      "locked": {
        "lastModified": 1679319606,
        "narHash": "sha256-wyEMIZB6BnsmJWInEgDZu66hXVMGJEZFl5uDsn27f9M=",
        "owner": "nixos",
        "repo": "nixpkgs",
        "rev": "8bc6945b1224a1cfa679d6801580b1054dba1a5c",
        "type": "github"
      },
      "original": {
        "owner": "nixos",
        "ref": "nixpkgs-unstable",
        "repo": "nixpkgs",
        "type": "github"
      }
    },
    "root": {
      "inputs": {
        "fenix": "fenix",
        "flake-utils": "flake-utils",
        "nixpkgs": "nixpkgs"
      }
    },
    "rust-analyzer-src": {
      "flake": false,
      "locked": {
        "lastModified": 1679213469,
        "narHash": "sha256-TnMPQPXDXLGLJu5PvEMglPidrtxH89P9dj/YmWc5JiQ=",
        "owner": "rust-lang",
        "repo": "rust-analyzer",
        "rev": "825833c26938d25a95f4c77f0e7011cffc34e15c",
        "type": "github"
      },
      "original": {
        "owner": "rust-lang",
        "ref": "nightly",
        "repo": "rust-analyzer",
        "type": "github"
      }
    }
  },
  "root": "root",
  "version": 7
}
